
Microsoft Visual Studio Solution File, Format Version 12.00
# Visual Studio Version 17
VisualStudioVersion = 17.14.36109.1 d17.14
MinimumVisualStudioVersion = 10.0.40219.1
Project("{FAE04EC0-301F-11D3-BF4B-00C04F79EFBC}") = "CROSS.EXCEPTION", "CROSS.EXCEPTION.csproj", "{1FF228DB-01D3-E569-DB39-95AA41BA2599}"
EndProject
Global
	GlobalSection(SolutionConfigurationPlatforms) = preSolution
		Debug|Any CPU = Debug|Any CPU
		Release|Any CPU = Release|Any CPU
	EndGlobalSection
	GlobalSection(ProjectConfigurationPlatforms) = postSolution
		{1FF228DB-01D3-E569-DB39-95AA41BA2599}.Debug|Any CPU.ActiveCfg = Debug|Any CPU
		{1FF228DB-01D3-E569-DB39-95AA41BA2599}.Debug|Any CPU.Build.0 = Debug|Any CPU
		{1FF228DB-01D3-E569-DB39-95AA41BA2599}.Release|Any CPU.ActiveCfg = Release|Any CPU
		{1FF228DB-01D3-E569-DB39-95AA41BA2599}.Release|Any CPU.Build.0 = Release|Any CPU
	EndGlobalSection
	GlobalSection(SolutionProperties) = preSolution
		HideSolutionNode = FALSE
	EndGlobalSection
	GlobalSection(ExtensibilityGlobals) = postSolution
		SolutionGuid = {1CC332D6-CD50-4AC7-AD48-B373AA729041}
	EndGlobalSection
EndGlobal
